// !$*UTF8*$!
{
	archiveVersion = 1;
	classes = {
	};
	objectVersion = 77;
	objects = {

/* Begin PBXBuildFile section */
		6F14E8B32F3D019600066552 /* Supabase in Frameworks */ = {isa = PBXBuildFile; productRef = 6F14E8B22F3D019600066552 /* Supabase */; };
		6FB0CD9D2F468007000F1F92 /* JetLedgerShare.appex in Embed Foundation Extensions */ = {isa = PBXBuildFile; fileRef = 6FB0CD932F468007000F1F92 /* JetLedgerShare.appex */; settings = {ATTRIBUTES = (RemoveHeadersOnCopy, ); }; };
/* End PBXBuildFile section */

/* Begin PBXContainerItemProxy section */
		6F14E8952F3CFBA900066552 /* PBXContainerItemProxy */ = {
			isa = PBXContainerItemProxy;
			containerPortal = 6F14E87D2F3CFBA700066552 /* Project object */;
			proxyType = 1;
			remoteGlobalIDString = 6F14E8842F3CFBA700066552;
			remoteInfo = JetLedger;
		};
		6F14E89F2F3CFBA900066552 /* PBXContainerItemProxy */ = {
			isa = PBXContainerItemProxy;
			containerPortal = 6F14E87D2F3CFBA700066552 /* Project object */;
			proxyType = 1;
			remoteGlobalIDString = 6F14E8842F3CFBA700066552;
			remoteInfo = JetLedger;
		};
		6FB0CD9B2F468007000F1F92 /* PBXContainerItemProxy */ = {
			isa = PBXContainerItemProxy;
			containerPortal = 6F14E87D2F3CFBA700066552 /* Project object */;
			proxyType = 1;
			remoteGlobalIDString = 6FB0CD922F468007000F1F92;
			remoteInfo = JetLedgerShare;
		};
/* End PBXContainerItemProxy section */

/* Begin PBXCopyFilesBuildPhase section */
		6FB0CDA22F468007000F1F92 /* Embed Foundation Extensions */ = {
			isa = PBXCopyFilesBuildPhase;
			buildActionMask = 2147483647;
			dstPath = "";
			dstSubfolderSpec = 13;
			files = (
				6FB0CD9D2F468007000F1F92 /* JetLedgerShare.appex in Embed Foundation Extensions */,
			);
			name = "Embed Foundation Extensions";
			runOnlyForDeploymentPostprocessing = 0;
		};
/* End PBXCopyFilesBuildPhase section */

/* Begin PBXFileReference section */
		6F14E8852F3CFBA700066552 /* JetLedger.app */ = {isa = PBXFileReference; explicitFileType = wrapper.application; includeInIndex = 0; path = JetLedger.app; sourceTree = BUILT_PRODUCTS_DIR; };
		6F14E8942F3CFBA900066552 /* JetLedgerTests.xctest */ = {isa = PBXFileReference; explicitFileType = wrapper.cfbundle; includeInIndex = 0; path = JetLedgerTests.xctest; sourceTree = BUILT_PRODUCTS_DIR; };
		6F14E89E2F3CFBA900066552 /* JetLedgerUITests.xctest */ = {isa = PBXFileReference; explicitFileType = wrapper.cfbundle; includeInIndex = 0; path = JetLedgerUITests.xctest; sourceTree = BUILT_PRODUCTS_DIR; };
		6F14E8C02F3D200000066552 /* Secrets.xcconfig */ = {isa = PBXFileReference; lastKnownFileType = text.xcconfig; path = Secrets.xcconfig; sourceTree = "<group>"; };
		6FB0CD932F468007000F1F92 /* JetLedgerShare.appex */ = {isa = PBXFileReference; explicitFileType = "wrapper.app-extension"; includeInIndex = 0; path = JetLedgerShare.appex; sourceTree = BUILT_PRODUCTS_DIR; };
/* End PBXFileReference section */

/* Begin PBXFileSystemSynchronizedBuildFileExceptionSet section */
		6F14E8C12F3D200100066552 /* Exceptions for "JetLedger" folder in "JetLedger" target */ = {
			isa = PBXFileSystemSynchronizedBuildFileExceptionSet;
			membershipExceptions = (
				Info.plist,
			);
			target = 6F14E8842F3CFBA700066552 /* JetLedger */;
		};
		6FB0CDA12F468007000F1F92 /* Exceptions for "JetLedgerShare" folder in "JetLedgerShare" target */ = {
			isa = PBXFileSystemSynchronizedBuildFileExceptionSet;
			membershipExceptions = (
				Info.plist,
			);
			target = 6FB0CD922F468007000F1F92 /* JetLedgerShare */;
		};
		6FB0CDA82F468A81000F1F92 /* Exceptions for "JetLedger" folder in "JetLedgerShare" target */ = {
			isa = PBXFileSystemSynchronizedBuildFileExceptionSet;
			membershipExceptions = (
				Models/Enums.swift,
				Shared/PendingImport.swift,
				Shared/SharedContainerHelper.swift,
				Utilities/Constants.swift,
			);
			target = 6FB0CD922F468007000F1F92 /* JetLedgerShare */;
		};
/* End PBXFileSystemSynchronizedBuildFileExceptionSet section */

/* Begin PBXFileSystemSynchronizedRootGroup section */
		6F14E8872F3CFBA700066552 /* JetLedger */ = {
			isa = PBXFileSystemSynchronizedRootGroup;
			exceptions = (
				6F14E8C12F3D200100066552 /* Exceptions for "JetLedger" folder in "JetLedger" target */,
				6FB0CDA82F468A81000F1F92 /* Exceptions for "JetLedger" folder in "JetLedgerShare" target */,
			);
			path = JetLedger;
			sourceTree = "<group>";
		};
		6F14E8972F3CFBA900066552 /* JetLedgerTests */ = {
			isa = PBXFileSystemSynchronizedRootGroup;
			path = JetLedgerTests;
			sourceTree = "<group>";
		};
		6F14E8A12F3CFBA900066552 /* JetLedgerUITests */ = {
			isa = PBXFileSystemSynchronizedRootGroup;
			path = JetLedgerUITests;
			sourceTree = "<group>";
		};
		6FB0CD942F468007000F1F92 /* JetLedgerShare */ = {
			isa = PBXFileSystemSynchronizedRootGroup;
			exceptions = (
				6FB0CDA12F468007000F1F92 /* Exceptions for "JetLedgerShare" folder in "JetLedgerShare" target */,
			);
			path = JetLedgerShare;
			sourceTree = "<group>";
		};
/* End PBXFileSystemSynchronizedRootGroup section */

/* Begin PBXFrameworksBuildPhase section */
		6F14E8822F3CFBA700066552 /* Frameworks */ = {
			isa = PBXFrameworksBuildPhase;
			buildActionMask = 2147483647;
			files = (
				6F14E8B32F3D019600066552 /* Supabase in Frameworks */,
			);
			runOnlyForDeploymentPostprocessing = 0;
		};
		6F14E8912F3CFBA900066552 /* Frameworks */ = {
			isa = PBXFrameworksBuildPhase;
			buildActionMask = 2147483647;
			files = (
			);
			runOnlyForDeploymentPostprocessing = 0;
		};
		6F14E89B2F3CFBA900066552 /* Frameworks */ = {
			isa = PBXFrameworksBuildPhase;
			buildActionMask = 2147483647;
			files = (
			);
			runOnlyForDeploymentPostprocessing = 0;
		};
		6FB0CD902F468007000F1F92 /* Frameworks */ = {
			isa = PBXFrameworksBuildPhase;
			buildActionMask = 2147483647;
			files = (
			);
			runOnlyForDeploymentPostprocessing = 0;
		};
/* End PBXFrameworksBuildPhase section */

/* Begin PBXGroup section */
		6F14E87C2F3CFBA700066552 = {
			isa = PBXGroup;
			children = (
				6F14E8C02F3D200000066552 /* Secrets.xcconfig */,
				6F14E8872F3CFBA700066552 /* JetLedger */,
				6F14E8972F3CFBA900066552 /* JetLedgerTests */,
				6F14E8A12F3CFBA900066552 /* JetLedgerUITests */,
				6FB0CD942F468007000F1F92 /* JetLedgerShare */,
				6F14E8862F3CFBA700066552 /* Products */,
			);
			sourceTree = "<group>";
		};
		6F14E8862F3CFBA700066552 /* Products */ = {
			isa = PBXGroup;
			children = (
				6F14E8852F3CFBA700066552 /* JetLedger.app */,
				6F14E8942F3CFBA900066552 /* JetLedgerTests.xctest */,
				6F14E89E2F3CFBA900066552 /* JetLedgerUITests.xctest */,
				6FB0CD932F468007000F1F92 /* JetLedgerShare.appex */,
			);
			name = Products;
			sourceTree = "<group>";
		};
/* End PBXGroup section */

/* Begin PBXNativeTarget section */
		6F14E8842F3CFBA700066552 /* JetLedger */ = {
			isa = PBXNativeTarget;
			buildConfigurationList = 6F14E8A82F3CFBA900066552 /* Build configuration list for PBXNativeTarget "JetLedger" */;
			buildPhases = (
				6F14E8812F3CFBA700066552 /* Sources */,
				6F14E8822F3CFBA700066552 /* Frameworks */,
				6F14E8832F3CFBA700066552 /* Resources */,
				6FB0CDA22F468007000F1F92 /* Embed Foundation Extensions */,
			);
			buildRules = (
			);
			dependencies = (
				6FB0CD9C2F468007000F1F92 /* PBXTargetDependency */,
			);
			fileSystemSynchronizedGroups = (
				6F14E8872F3CFBA700066552 /* JetLedger */,
			);
			name = JetLedger;
			packageProductDependencies = (
				6F14E8B22F3D019600066552 /* Supabase */,
			);
			productName = JetLedger;
			productReference = 6F14E8852F3CFBA700066552 /* JetLedger.app */;
			productType = "com.apple.product-type.application";
		};
		6F14E8932F3CFBA900066552 /* JetLedgerTests */ = {
			isa = PBXNativeTarget;
			buildConfigurationList = 6F14E8AB2F3CFBA900066552 /* Build configuration list for PBXNativeTarget "JetLedgerTests" */;
			buildPhases = (
				6F14E8902F3CFBA900066552 /* Sources */,
				6F14E8912F3CFBA900066552 /* Frameworks */,
				6F14E8922F3CFBA900066552 /* Resources */,
			);
			buildRules = (
			);
			dependencies = (
				6F14E8962F3CFBA900066552 /* PBXTargetDependency */,
			);
			fileSystemSynchronizedGroups = (
				6F14E8972F3CFBA900066552 /* JetLedgerTests */,
			);
			name = JetLedgerTests;
			packageProductDependencies = (
			);
			productName = JetLedgerTests;
			productReference = 6F14E8942F3CFBA900066552 /* JetLedgerTests.xctest */;
			productType = "com.apple.product-type.bundle.unit-test";
		};
		6F14E89D2F3CFBA900066552 /* JetLedgerUITests */ = {
			isa = PBXNativeTarget;
			buildConfigurationList = 6F14E8AE2F3CFBA900066552 /* Build configuration list for PBXNativeTarget "JetLedgerUITests" */;
			buildPhases = (
				6F14E89A2F3CFBA900066552 /* Sources */,
				6F14E89B2F3CFBA900066552 /* Frameworks */,
				6F14E89C2F3CFBA900066552 /* Resources */,
			);
			buildRules = (
			);
			dependencies = (
				6F14E8A02F3CFBA900066552 /* PBXTargetDependency */,
			);
			fileSystemSynchronizedGroups = (
				6F14E8A12F3CFBA900066552 /* JetLedgerUITests */,
			);
			name = JetLedgerUITests;
			packageProductDependencies = (
			);
			productName = JetLedgerUITests;
			productReference = 6F14E89E2F3CFBA900066552 /* JetLedgerUITests.xctest */;
			productType = "com.apple.product-type.bundle.ui-testing";
		};
		6FB0CD922F468007000F1F92 /* JetLedgerShare */ = {
			isa = PBXNativeTarget;
			buildConfigurationList = 6FB0CD9E2F468007000F1F92 /* Build configuration list for PBXNativeTarget "JetLedgerShare" */;
			buildPhases = (
				6FB0CD8F2F468007000F1F92 /* Sources */,
				6FB0CD902F468007000F1F92 /* Frameworks */,
				6FB0CD912F468007000F1F92 /* Resources */,
			);
			buildRules = (
			);
			dependencies = (
			);
			fileSystemSynchronizedGroups = (
				6FB0CD942F468007000F1F92 /* JetLedgerShare */,
			);
			name = JetLedgerShare;
			packageProductDependencies = (
			);
			productName = JetLedgerShare;
			productReference = 6FB0CD932F468007000F1F92 /* JetLedgerShare.appex */;
			productType = "com.apple.product-type.app-extension";
		};
/* End PBXNativeTarget section */

/* Begin PBXProject section */
		6F14E87D2F3CFBA700066552 /* Project object */ = {
			isa = PBXProject;
			attributes = {
				BuildIndependentTargetsInParallel = 1;
				LastSwiftUpdateCheck = 2620;
				LastUpgradeCheck = 2620;
				TargetAttributes = {
					6F14E8842F3CFBA700066552 = {
						CreatedOnToolsVersion = 26.2;
					};
					6F14E8932F3CFBA900066552 = {
						CreatedOnToolsVersion = 26.2;
						TestTargetID = 6F14E8842F3CFBA700066552;
					};
					6F14E89D2F3CFBA900066552 = {
						CreatedOnToolsVersion = 26.2;
						TestTargetID = 6F14E8842F3CFBA700066552;
					};
					6FB0CD922F468007000F1F92 = {
						CreatedOnToolsVersion = 26.2;
					};
				};
			};
			buildConfigurationList = 6F14E8802F3CFBA700066552 /* Build configuration list for PBXProject "JetLedger" */;
			developmentRegion = en;
			hasScannedForEncodings = 0;
			knownRegions = (
				en,
				Base,
			);
			mainGroup = 6F14E87C2F3CFBA700066552;
			minimizedProjectReferenceProxies = 1;
			packageReferences = (
				6F14E8B12F3D019600066552 /* XCRemoteSwiftPackageReference "supabase-swift" */,
			);
			preferredProjectObjectVersion = 77;
			productRefGroup = 6F14E8862F3CFBA700066552 /* Products */;
			projectDirPath = "";
			projectRoot = "";
			targets = (
				6F14E8842F3CFBA700066552 /* JetLedger */,
				6F14E8932F3CFBA900066552 /* JetLedgerTests */,
				6F14E89D2F3CFBA900066552 /* JetLedgerUITests */,
				6FB0CD922F468007000F1F92 /* JetLedgerShare */,
			);
		};
/* End PBXProject section */

/* Begin PBXResourcesBuildPhase section */
		6F14E8832F3CFBA700066552 /* Resources */ = {
			isa = PBXResourcesBuildPhase;
			buildActionMask = 2147483647;
			files = (
			);
			runOnlyForDeploymentPostprocessing = 0;
		};
		6F14E8922F3CFBA900066552 /* Resources */ = {
			isa = PBXResourcesBuildPhase;
			buildActionMask = 2147483647;
			files = (
			);
			runOnlyForDeploymentPostprocessing = 0;
		};
		6F14E89C2F3CFBA900066552 /* Resources */ = {
			isa = PBXResourcesBuildPhase;
			buildActionMask = 2147483647;
			files = (
			);
			runOnlyForDeploymentPostprocessing = 0;
		};
		6FB0CD912F468007000F1F92 /* Resources */ = {
			isa = PBXResourcesBuildPhase;
			buildActionMask = 2147483647;
			files = (
			);
			runOnlyForDeploymentPostprocessing = 0;
		};
/* End PBXResourcesBuildPhase section */

/* Begin PBXSourcesBuildPhase section */
		6F14E8812F3CFBA700066552 /* Sources */ = {
			isa = PBXSourcesBuildPhase;
			buildActionMask = 2147483647;
			files = (
			);
			runOnlyForDeploymentPostprocessing = 0;
		};
		6F14E8902F3CFBA900066552 /* Sources */ = {
			isa = PBXSourcesBuildPhase;
			buildActionMask = 2147483647;
			files = (
			);
			runOnlyForDeploymentPostprocessing = 0;
		};
		6F14E89A2F3CFBA900066552 /* Sources */ = {
			isa = PBXSourcesBuildPhase;
			buildActionMask = 2147483647;
			files = (
			);
			runOnlyForDeploymentPostprocessing = 0;
		};
		6FB0CD8F2F468007000F1F92 /* Sources */ = {
			isa = PBXSourcesBuildPhase;
			buildActionMask = 2147483647;
			files = (
			);
			runOnlyForDeploymentPostprocessing = 0;
		};
/* End PBXSourcesBuildPhase section */

/* Begin PBXTargetDependency section */
		6F14E8962F3CFBA900066552 /* PBXTargetDependency */ = {
			isa = PBXTargetDependency;
			target = 6F14E8842F3CFBA700066552 /* JetLedger */;
			targetProxy = 6F14E8952F3CFBA900066552 /* PBXContainerItemProxy */;
		};
		6F14E8A02F3CFBA900066552 /* PBXTargetDependency */ = {
			isa = PBXTargetDependency;
			target = 6F14E8842F3CFBA700066552 /* JetLedger */;
			targetProxy = 6F14E89F2F3CFBA900066552 /* PBXContainerItemProxy */;
		};
		6FB0CD9C2F468007000F1F92 /* PBXTargetDependency */ = {
			isa = PBXTargetDependency;
			target = 6FB0CD922F468007000F1F92 /* JetLedgerShare */;
			targetProxy = 6FB0CD9B2F468007000F1F92 /* PBXContainerItemProxy */;
		};
/* End PBXTargetDependency section */

/* Begin XCBuildConfiguration section */
		6F14E8A62F3CFBA900066552 /* Debug */ = {
			isa = XCBuildConfiguration;
			buildSettings = {
				ALWAYS_SEARCH_USER_PATHS = NO;
				ASSETCATALOG_COMPILER_GENERATE_SWIFT_ASSET_SYMBOL_EXTENSIONS = YES;
				CLANG_ANALYZER_NONNULL = YES;
				CLANG_ANALYZER_NUMBER_OBJECT_CONVERSION = YES_AGGRESSIVE;
				CLANG_CXX_LANGUAGE_STANDARD = "gnu++20";
				CLANG_ENABLE_MODULES = YES;
				CLANG_ENABLE_OBJC_ARC = YES;
				CLANG_ENABLE_OBJC_WEAK = YES;
				CLANG_WARN_BLOCK_CAPTURE_AUTORELEASING = YES;
				CLANG_WARN_BOOL_CONVERSION = YES;
				CLANG_WARN_COMMA = YES;
				CLANG_WARN_CONSTANT_CONVERSION = YES;
				CLANG_WARN_DEPRECATED_OBJC_IMPLEMENTATIONS = YES;
				CLANG_WARN_DIRECT_OBJC_ISA_USAGE = YES_ERROR;
				CLANG_WARN_DOCUMENTATION_COMMENTS = YES;
				CLANG_WARN_EMPTY_BODY = YES;
				CLANG_WARN_ENUM_CONVERSION = YES;
				CLANG_WARN_INFINITE_RECURSION = YES;
				CLANG_WARN_INT_CONVERSION = YES;
				CLANG_WARN_NON_LITERAL_NULL_CONVERSION = YES;
				CLANG_WARN_OBJC_IMPLICIT_RETAIN_SELF = YES;
				CLANG_WARN_OBJC_LITERAL_CONVERSION = YES;
				CLANG_WARN_OBJC_ROOT_CLASS = YES_ERROR;
				CLANG_WARN_QUOTED_INCLUDE_IN_FRAMEWORK_HEADER = YES;
				CLANG_WARN_RANGE_LOOP_ANALYSIS = YES;
				CLANG_WARN_STRICT_PROTOTYPES = YES;
				CLANG_WARN_SUSPICIOUS_MOVE = YES;
				CLANG_WARN_UNGUARDED_AVAILABILITY = YES_AGGRESSIVE;
				CLANG_WARN_UNREACHABLE_CODE = YES;
				CLANG_WARN__DUPLICATE_METHOD_MATCH = YES;
				COPY_PHASE_STRIP = NO;
				DEBUG_INFORMATION_FORMAT = dwarf;
				DEVELOPMENT_TEAM = 6KA5FYDT3Q;
				ENABLE_STRICT_OBJC_MSGSEND = YES;
				ENABLE_TESTABILITY = YES;
				ENABLE_USER_SCRIPT_SANDBOXING = YES;
				GCC_C_LANGUAGE_STANDARD = gnu17;
				GCC_DYNAMIC_NO_PIC = NO;
				GCC_NO_COMMON_BLOCKS = YES;
				GCC_OPTIMIZATION_LEVEL = 0;
				GCC_PREPROCESSOR_DEFINITIONS = (
					"DEBUG=1",
					"$(inherited)",
				);
				GCC_WARN_64_TO_32_BIT_CONVERSION = YES;
				GCC_WARN_ABOUT_RETURN_TYPE = YES_ERROR;
				GCC_WARN_UNDECLARED_SELECTOR = YES;
				GCC_WARN_UNINITIALIZED_AUTOS = YES_AGGRESSIVE;
				GCC_WARN_UNUSED_FUNCTION = YES;
				GCC_WARN_UNUSED_VARIABLE = YES;
				IPHONEOS_DEPLOYMENT_TARGET = 26.2;
				LOCALIZATION_PREFERS_STRING_CATALOGS = YES;
				MTL_ENABLE_DEBUG_INFO = INCLUDE_SOURCE;
				MTL_FAST_MATH = YES;
				ONLY_ACTIVE_ARCH = YES;
				SDKROOT = iphoneos;
				SWIFT_ACTIVE_COMPILATION_CONDITIONS = "DEBUG $(inherited)";
				SWIFT_OPTIMIZATION_LEVEL = "-Onone";
			};
			name = Debug;
		};
		6F14E8A72F3CFBA900066552 /* Release */ = {
			isa = XCBuildConfiguration;
			buildSettings = {
				ALWAYS_SEARCH_USER_PATHS = NO;
				ASSETCATALOG_COMPILER_GENERATE_SWIFT_ASSET_SYMBOL_EXTENSIONS = YES;
				CLANG_ANALYZER_NONNULL = YES;
				CLANG_ANALYZER_NUMBER_OBJECT_CONVERSION = YES_AGGRESSIVE;
				CLANG_CXX_LANGUAGE_STANDARD = "gnu++20";
				CLANG_ENABLE_MODULES = YES;
				CLANG_ENABLE_OBJC_ARC = YES;
				CLANG_ENABLE_OBJC_WEAK = YES;
				CLANG_WARN_BLOCK_CAPTURE_AUTORELEASING = YES;
				CLANG_WARN_BOOL_CONVERSION = YES;
				CLANG_WARN_COMMA = YES;
				CLANG_WARN_CONSTANT_CONVERSION = YES;
				CLANG_WARN_DEPRECATED_OBJC_IMPLEMENTATIONS = YES;
				CLANG_WARN_DIRECT_OBJC_ISA_USAGE = YES_ERROR;
				CLANG_WARN_DOCUMENTATION_COMMENTS = YES;
				CLANG_WARN_EMPTY_BODY = YES;
				CLANG_WARN_ENUM_CONVERSION = YES;
				CLANG_WARN_INFINITE_RECURSION = YES;
				CLANG_WARN_INT_CONVERSION = YES;
				CLANG_WARN_NON_LITERAL_NULL_CONVERSION = YES;
				CLANG_WARN_OBJC_IMPLICIT_RETAIN_SELF = YES;
				CLANG_WARN_OBJC_LITERAL_CONVERSION = YES;
				CLANG_WARN_OBJC_ROOT_CLASS = YES_ERROR;
				CLANG_WARN_QUOTED_INCLUDE_IN_FRAMEWORK_HEADER = YES;
				CLANG_WARN_RANGE_LOOP_ANALYSIS = YES;
				CLANG_WARN_STRICT_PROTOTYPES = YES;
				CLANG_WARN_SUSPICIOUS_MOVE = YES;
				CLANG_WARN_UNGUARDED_AVAILABILITY = YES_AGGRESSIVE;
				CLANG_WARN_UNREACHABLE_CODE = YES;
				CLANG_WARN__DUPLICATE_METHOD_MATCH = YES;
				COPY_PHASE_STRIP = NO;
				DEBUG_INFORMATION_FORMAT = "dwarf-with-dsym";
				DEVELOPMENT_TEAM = 6KA5FYDT3Q;
				ENABLE_NS_ASSERTIONS = NO;
				ENABLE_STRICT_OBJC_MSGSEND = YES;
				ENABLE_USER_SCRIPT_SANDBOXING = YES;
				GCC_C_LANGUAGE_STANDARD = gnu17;
				GCC_NO_COMMON_BLOCKS = YES;
				GCC_WARN_64_TO_32_BIT_CONVERSION = YES;
				GCC_WARN_ABOUT_RETURN_TYPE = YES_ERROR;
				GCC_WARN_UNDECLARED_SELECTOR = YES;
				GCC_WARN_UNINITIALIZED_AUTOS = YES_AGGRESSIVE;
				GCC_WARN_UNUSED_FUNCTION = YES;
				GCC_WARN_UNUSED_VARIABLE = YES;
				IPHONEOS_DEPLOYMENT_TARGET = 26.2;
				LOCALIZATION_PREFERS_STRING_CATALOGS = YES;
				MTL_ENABLE_DEBUG_INFO = NO;
				MTL_FAST_MATH = YES;
				SDKROOT = iphoneos;
				SWIFT_COMPILATION_MODE = wholemodule;
				VALIDATE_PRODUCT = YES;
			};
			name = Release;
		};
		6F14E8A92F3CFBA900066552 /* Debug */ = {
			isa = XCBuildConfiguration;
			baseConfigurationReference = 6F14E8C02F3D200000066552 /* Secrets.xcconfig */;
			buildSettings = {
				ASSETCATALOG_COMPILER_APPICON_NAME = AppIcon;
				ASSETCATALOG_COMPILER_GLOBAL_ACCENT_COLOR_NAME = AccentColor;
				CODE_SIGN_ENTITLEMENTS = JetLedger/JetLedger.entitlements;
				CODE_SIGN_STYLE = Automatic;
				CURRENT_PROJECT_VERSION = 6;
				DEVELOPMENT_TEAM = 6KA5FYDT3Q;
				ENABLE_PREVIEWS = YES;
				GENERATE_INFOPLIST_FILE = YES;
				INFOPLIST_FILE = JetLedger/Info.plist;
				INFOPLIST_KEY_UIApplicationSceneManifest_Generation = YES;
				INFOPLIST_KEY_UIApplicationSupportsIndirectInputEvents = YES;
				INFOPLIST_KEY_UILaunchScreen_Generation = YES;
				INFOPLIST_KEY_UISupportedInterfaceOrientations = UIInterfaceOrientationPortrait;
				INFOPLIST_KEY_UISupportedInterfaceOrientations_iPad = "UIInterfaceOrientationLandscapeLeft UIInterfaceOrientationLandscapeRight UIInterfaceOrientationPortrait UIInterfaceOrientationPortraitUpsideDown";
				IPHONEOS_DEPLOYMENT_TARGET = 17.6;
				LD_RUNPATH_SEARCH_PATHS = (
					"$(inherited)",
					"@executable_path/Frameworks",
				);
				MARKETING_VERSION = 1.0.0;
				PRODUCT_BUNDLE_IDENTIFIER = io.jetledger.JetLedger;
				PRODUCT_NAME = "$(TARGET_NAME)";
				STRING_CATALOG_GENERATE_SYMBOLS = YES;
				SUPPORTED_PLATFORMS = "iphoneos iphonesimulator";
				SUPPORTS_MACCATALYST = NO;
				SUPPORTS_MAC_DESIGNED_FOR_IPHONE_IPAD = NO;
				SUPPORTS_XR_DESIGNED_FOR_IPHONE_IPAD = NO;
				SWIFT_APPROACHABLE_CONCURRENCY = YES;
				SWIFT_DEFAULT_ACTOR_ISOLATION = MainActor;
				SWIFT_EMIT_LOC_STRINGS = YES;
				SWIFT_UPCOMING_FEATURE_MEMBER_IMPORT_VISIBILITY = YES;
				SWIFT_VERSION = 5.0;
				TARGETED_DEVICE_FAMILY = "1,2";
			};
			name = Debug;
		};
		6F14E8AA2F3CFBA900066552 /* Release */ = {
			isa = XCBuildConfiguration;
			baseConfigurationReference = 6F14E8C02F3D200000066552 /* Secrets.xcconfig */;
			buildSettings = {
				ASSETCATALOG_COMPILER_APPICON_NAME = AppIcon;
				ASSETCATALOG_COMPILER_GLOBAL_ACCENT_COLOR_NAME = AccentColor;
				CODE_SIGN_ENTITLEMENTS = JetLedger/JetLedger.entitlements;
				CODE_SIGN_STYLE = Automatic;
				CURRENT_PROJECT_VERSION = 6;
				DEVELOPMENT_TEAM = 6KA5FYDT3Q;
				ENABLE_PREVIEWS = YES;
				GENERATE_INFOPLIST_FILE = YES;
				INFOPLIST_FILE = JetLedger/Info.plist;
				INFOPLIST_KEY_UIApplicationSceneManifest_Generation = YES;
				INFOPLIST_KEY_UIApplicationSupportsIndirectInputEvents = YES;
				INFOPLIST_KEY_UILaunchScreen_Generation = YES;
				INFOPLIST_KEY_UISupportedInterfaceOrientations = UIInterfaceOrientationPortrait;
				INFOPLIST_KEY_UISupportedInterfaceOrientations_iPad = "UIInterfaceOrientationLandscapeLeft UIInterfaceOrientationLandscapeRight UIInterfaceOrientationPortrait UIInterfaceOrientationPortraitUpsideDown";
				IPHONEOS_DEPLOYMENT_TARGET = 17.6;
				LD_RUNPATH_SEARCH_PATHS = (
					"$(inherited)",
					"@executable_path/Frameworks",
				);
				MARKETING_VERSION = 1.0.0;
				PRODUCT_BUNDLE_IDENTIFIER = io.jetledger.JetLedger;
				PRODUCT_NAME = "$(TARGET_NAME)";
				STRING_CATALOG_GENERATE_SYMBOLS = YES;
				SUPPORTED_PLATFORMS = "iphoneos iphonesimulator";
				SUPPORTS_MACCATALYST = NO;
				SUPPORTS_MAC_DESIGNED_FOR_IPHONE_IPAD = NO;
				SUPPORTS_XR_DESIGNED_FOR_IPHONE_IPAD = NO;
				SWIFT_APPROACHABLE_CONCURRENCY = YES;
				SWIFT_DEFAULT_ACTOR_ISOLATION = MainActor;
				SWIFT_EMIT_LOC_STRINGS = YES;
				SWIFT_UPCOMING_FEATURE_MEMBER_IMPORT_VISIBILITY = YES;
				SWIFT_VERSION = 5.0;
				TARGETED_DEVICE_FAMILY = "1,2";
			};
			name = Release;
		};
		6F14E8AC2F3CFBA900066552 /* Debug */ = {
			isa = XCBuildConfiguration;
			buildSettings = {
				BUNDLE_LOADER = "$(TEST_HOST)";
				CODE_SIGN_STYLE = Automatic;
				CURRENT_PROJECT_VERSION = 1;
				DEVELOPMENT_TEAM = 6KA5FYDT3Q;
				GENERATE_INFOPLIST_FILE = YES;
				IPHONEOS_DEPLOYMENT_TARGET = 26.2;
				MARKETING_VERSION = 1.0;
				PRODUCT_BUNDLE_IDENTIFIER = io.jetledger.JetLedgerTests;
				PRODUCT_NAME = "$(TARGET_NAME)";
				STRING_CATALOG_GENERATE_SYMBOLS = NO;
				SWIFT_APPROACHABLE_CONCURRENCY = YES;
				SWIFT_EMIT_LOC_STRINGS = NO;
				SWIFT_UPCOMING_FEATURE_MEMBER_IMPORT_VISIBILITY = YES;
				SWIFT_VERSION = 5.0;
				TARGETED_DEVICE_FAMILY = "1,2";
				TEST_HOST = "$(BUILT_PRODUCTS_DIR)/JetLedger.app/$(BUNDLE_EXECUTABLE_FOLDER_PATH)/JetLedger";
			};
			name = Debug;
		};
		6F14E8AD2F3CFBA900066552 /* Release */ = {
			isa = XCBuildConfiguration;
			buildSettings = {
				BUNDLE_LOADER = "$(TEST_HOST)";
				CODE_SIGN_STYLE = Automatic;
				CURRENT_PROJECT_VERSION = 1;
				DEVELOPMENT_TEAM = 6KA5FYDT3Q;
				GENERATE_INFOPLIST_FILE = YES;
				IPHONEOS_DEPLOYMENT_TARGET = 26.2;
				MARKETING_VERSION = 1.0;
				PRODUCT_BUNDLE_IDENTIFIER = io.jetledger.JetLedgerTests;
				PRODUCT_NAME = "$(TARGET_NAME)";
				STRING_CATALOG_GENERATE_SYMBOLS = NO;
				SWIFT_APPROACHABLE_CONCURRENCY = YES;
				SWIFT_EMIT_LOC_STRINGS = NO;
				SWIFT_UPCOMING_FEATURE_MEMBER_IMPORT_VISIBILITY = YES;
				SWIFT_VERSION = 5.0;
				TARGETED_DEVICE_FAMILY = "1,2";
				TEST_HOST = "$(BUILT_PRODUCTS_DIR)/JetLedger.app/$(BUNDLE_EXECUTABLE_FOLDER_PATH)/JetLedger";
			};
			name = Release;
		};
		6F14E8AF2F3CFBA900066552 /* Debug */ = {
			isa = XCBuildConfiguration;
			buildSettings = {
				CODE_SIGN_STYLE = Automatic;
				CURRENT_PROJECT_VERSION = 1;
				DEVELOPMENT_TEAM = 6KA5FYDT3Q;
				GENERATE_INFOPLIST_FILE = YES;
				MARKETING_VERSION = 1.0;
				PRODUCT_BUNDLE_IDENTIFIER = io.jetledger.JetLedgerUITests;
				PRODUCT_NAME = "$(TARGET_NAME)";
				STRING_CATALOG_GENERATE_SYMBOLS = NO;
				SWIFT_APPROACHABLE_CONCURRENCY = YES;
				SWIFT_EMIT_LOC_STRINGS = NO;
				SWIFT_UPCOMING_FEATURE_MEMBER_IMPORT_VISIBILITY = YES;
				SWIFT_VERSION = 5.0;
				TARGETED_DEVICE_FAMILY = "1,2";
				TEST_TARGET_NAME = JetLedger;
			};
			name = Debug;
		};
		6F14E8B02F3CFBA900066552 /* Release */ = {
			isa = XCBuildConfiguration;
			buildSettings = {
				CODE_SIGN_STYLE = Automatic;
				CURRENT_PROJECT_VERSION = 1;
				DEVELOPMENT_TEAM = 6KA5FYDT3Q;
				GENERATE_INFOPLIST_FILE = YES;
				MARKETING_VERSION = 1.0;
				PRODUCT_BUNDLE_IDENTIFIER = io.jetledger.JetLedgerUITests;
				PRODUCT_NAME = "$(TARGET_NAME)";
				STRING_CATALOG_GENERATE_SYMBOLS = NO;
				SWIFT_APPROACHABLE_CONCURRENCY = YES;
				SWIFT_EMIT_LOC_STRINGS = NO;
				SWIFT_UPCOMING_FEATURE_MEMBER_IMPORT_VISIBILITY = YES;
				SWIFT_VERSION = 5.0;
				TARGETED_DEVICE_FAMILY = "1,2";
				TEST_TARGET_NAME = JetLedger;
			};
			name = Release;
		};
		6FB0CD9F2F468007000F1F92 /* Debug */ = {
			isa = XCBuildConfiguration;
			buildSettings = {
				CODE_SIGN_ENTITLEMENTS = JetLedgerShare/JetLedgerShare.entitlements;
				CODE_SIGN_STYLE = Automatic;
				CURRENT_PROJECT_VERSION = 1;
				DEVELOPMENT_TEAM = 6KA5FYDT3Q;
				GENERATE_INFOPLIST_FILE = YES;
				INFOPLIST_FILE = JetLedgerShare/Info.plist;
				INFOPLIST_KEY_CFBundleDisplayName = JetLedgerShare;
				INFOPLIST_KEY_NSHumanReadableCopyright = "";
				IPHONEOS_DEPLOYMENT_TARGET = 17.6;
				LD_RUNPATH_SEARCH_PATHS = (
					"$(inherited)",
					"@executable_path/Frameworks",
					"@executable_path/../../Frameworks",
				);
				MARKETING_VERSION = 1.0;
				PRODUCT_BUNDLE_IDENTIFIER = io.jetledger.JetLedger.JetLedgerShare;
				PRODUCT_NAME = "$(TARGET_NAME)";
				SKIP_INSTALL = YES;
				STRING_CATALOG_GENERATE_SYMBOLS = YES;
				SWIFT_APPROACHABLE_CONCURRENCY = YES;
				SWIFT_EMIT_LOC_STRINGS = YES;
				SWIFT_UPCOMING_FEATURE_MEMBER_IMPORT_VISIBILITY = YES;
				SWIFT_VERSION = 5.0;
				TARGETED_DEVICE_FAMILY = "1,2";
			};
			name = Debug;
		};
		6FB0CDA02F468007000F1F92 /* Release */ = {
			isa = XCBuildConfiguration;
			buildSettings = {
				CODE_SIGN_ENTITLEMENTS = JetLedgerShare/JetLedgerShare.entitlements;
				CODE_SIGN_STYLE = Automatic;
				CURRENT_PROJECT_VERSION = 1;
				DEVELOPMENT_TEAM = 6KA5FYDT3Q;
				GENERATE_INFOPLIST_FILE = YES;
				INFOPLIST_FILE = JetLedgerShare/Info.plist;
				INFOPLIST_KEY_CFBundleDisplayName = JetLedgerShare;
				INFOPLIST_KEY_NSHumanReadableCopyright = "";
				IPHONEOS_DEPLOYMENT_TARGET = 17.6;
				LD_RUNPATH_SEARCH_PATHS = (
					"$(inherited)",
					"@executable_path/Frameworks",
					"@executable_path/../../Frameworks",
				);
				MARKETING_VERSION = 1.0;
				PRODUCT_BUNDLE_IDENTIFIER = io.jetledger.JetLedger.JetLedgerShare;
				PRODUCT_NAME = "$(TARGET_NAME)";
				SKIP_INSTALL = YES;
				STRING_CATALOG_GENERATE_SYMBOLS = YES;
				SWIFT_APPROACHABLE_CONCURRENCY = YES;
				SWIFT_EMIT_LOC_STRINGS = YES;
				SWIFT_UPCOMING_FEATURE_MEMBER_IMPORT_VISIBILITY = YES;
				SWIFT_VERSION = 5.0;
				TARGETED_DEVICE_FAMILY = "1,2";
			};
			name = Release;
		};
/* End XCBuildConfiguration section */

/* Begin XCConfigurationList section */
		6F14E8802F3CFBA700066552 /* Build configuration list for PBXProject "JetLedger" */ = {
			isa = XCConfigurationList;
			buildConfigurations = (
				6F14E8A62F3CFBA900066552 /* Debug */,
				6F14E8A72F3CFBA900066552 /* Release */,
			);
			defaultConfigurationIsVisible = 0;
			defaultConfigurationName = Release;
		};
		6F14E8A82F3CFBA900066552 /* Build configuration list for PBXNativeTarget "JetLedger" */ = {
			isa = XCConfigurationList;
			buildConfigurations = (
				6F14E8A92F3CFBA900066552 /* Debug */,
				6F14E8AA2F3CFBA900066552 /* Release */,
			);
			defaultConfigurationIsVisible = 0;
			defaultConfigurationName = Release;
		};
		6F14E8AB2F3CFBA900066552 /* Build configuration list for PBXNativeTarget "JetLedgerTests" */ = {
			isa = XCConfigurationList;
			buildConfigurations = (
				6F14E8AC2F3CFBA900066552 /* Debug */,
				6F14E8AD2F3CFBA900066552 /* Release */,
			);
			defaultConfigurationIsVisible = 0;
			defaultConfigurationName = Release;
		};
		6F14E8AE2F3CFBA900066552 /* Build configuration list for PBXNativeTarget "JetLedgerUITests" */ = {
			isa = XCConfigurationList;
			buildConfigurations = (
				6F14E8AF2F3CFBA900066552 /* Debug */,
				6F14E8B02F3CFBA900066552 /* Release */,
			);
			defaultConfigurationIsVisible = 0;
			defaultConfigurationName = Release;
		};
		6FB0CD9E2F468007000F1F92 /* Build configuration list for PBXNativeTarget "JetLedgerShare" */ = {
			isa = XCConfigurationList;
			buildConfigurations = (
				6FB0CD9F2F468007000F1F92 /* Debug */,
				6FB0CDA02F468007000F1F92 /* Release */,
			);
			defaultConfigurationIsVisible = 0;
			defaultConfigurationName = Release;
		};
/* End XCConfigurationList section */

/* Begin XCRemoteSwiftPackageReference section */
		6F14E8B12F3D019600066552 /* XCRemoteSwiftPackageReference "supabase-swift" */ = {
			isa = XCRemoteSwiftPackageReference;
			repositoryURL = "https://github.com/supabase/supabase-swift";
			requirement = {
				kind = upToNextMajorVersion;
				minimumVersion = 2.5.1;
			};
		};
/* End XCRemoteSwiftPackageReference section */

/* Begin XCSwiftPackageProductDependency section */
		6F14E8B22F3D019600066552 /* Supabase */ = {
			isa = XCSwiftPackageProductDependency;
			package = 6F14E8B12F3D019600066552 /* XCRemoteSwiftPackageReference "supabase-swift" */;
			productName = Supabase;
		};
/* End XCSwiftPackageProductDependency section */
	};
	rootObject = 6F14E87D2F3CFBA700066552 /* Project object */;
}
